// !$*UTF8*$!
{
	archiveVersion = 1;
	classes = {
	};
	objectVersion = 46;
	objects = {

/* Begin PBXBuildFile section */
		6E4C535E1F28DF84005D8FE5 /* refund.png in Resources */ = {isa = PBXBuildFile; fileRef = 6E4C535D1F28DF84005D8FE5 /* refund.png */; };
		6E4C53621F28E09F005D8FE5 /* no_ads.png in Resources */ = {isa = PBXBuildFile; fileRef = 6E4C53611F28E09F005D8FE5 /* no_ads.png */; };
		B2CA9FE2C2D5334180E1EF0C /* Pods_HiSDK.framework in Frameworks */ = {isa = PBXBuildFile; fileRef = 113B1B2204A1F346C4DEA55D /* Pods_HiSDK.framework */; };
		CC00A5911F286EDF00C66937 /* Constants.swift in Sources */ = {isa = PBXBuildFile; fileRef = CC00A5901F286EDF00C66937 /* Constants.swift */; };
		CC00A5931F2870E100C66937 /* GoogleService-Info.plist in Resources */ = {isa = PBXBuildFile; fileRef = CC00A5921F2870E100C66937 /* GoogleService-Info.plist */; };
		CC00A5951F2871C200C66937 /* iAd.framework in Frameworks */ = {isa = PBXBuildFile; fileRef = CC00A5941F2871C200C66937 /* iAd.framework */; };
		CC21D3C21F289B0B0029592F /* IAPHelper.m in Sources */ = {isa = PBXBuildFile; fileRef = CC21D3BB1F289B0B0029592F /* IAPHelper.m */; };
		CC21D3C31F289B0B0029592F /* IAPShare.m in Sources */ = {isa = PBXBuildFile; fileRef = CC21D3BD1F289B0B0029592F /* IAPShare.m */; };
		CC21D3C41F289B0B0029592F /* NSString+Base64.m in Sources */ = {isa = PBXBuildFile; fileRef = CC21D3BF1F289B0B0029592F /* NSString+Base64.m */; };
		CC21D3C51F289B0B0029592F /* SFHFKeychainUtils.m in Sources */ = {isa = PBXBuildFile; fileRef = CC21D3C11F289B0B0029592F /* SFHFKeychainUtils.m */; };
		CC21D3CB1F289E910029592F /* StoreKit.framework in Frameworks */ = {isa = PBXBuildFile; fileRef = CC21D3CA1F289E910029592F /* StoreKit.framework */; };
		CC83C0351F2994AC0046B14A /* ad.png in Resources */ = {isa = PBXBuildFile; fileRef = CC83C0341F2994AC0046B14A /* ad.png */; };
		CC83C0371F2996760046B14A /* play_button1.png in Resources */ = {isa = PBXBuildFile; fileRef = CC83C0361F2996760046B14A /* play_button1.png */; };
		CCC79F7D1F285220005F6501 /* AppDelegate.swift in Sources */ = {isa = PBXBuildFile; fileRef = CCC79F7C1F285220005F6501 /* AppDelegate.swift */; };
		CCC79F7F1F285220005F6501 /* ViewController.swift in Sources */ = {isa = PBXBuildFile; fileRef = CCC79F7E1F285220005F6501 /* ViewController.swift */; };
		CCC79F821F285220005F6501 /* Main.storyboard in Resources */ = {isa = PBXBuildFile; fileRef = CCC79F801F285220005F6501 /* Main.storyboard */; };
		CCC79F841F285220005F6501 /* Assets.xcassets in Resources */ = {isa = PBXBuildFile; fileRef = CCC79F831F285220005F6501 /* Assets.xcassets */; };
		CCC79F871F285220005F6501 /* LaunchScreen.storyboard in Resources */ = {isa = PBXBuildFile; fileRef = CCC79F851F285220005F6501 /* LaunchScreen.storyboard */; };
		CCC79F901F285242005F6501 /* SupportController.swift in Sources */ = {isa = PBXBuildFile; fileRef = CCC79F8E1F285242005F6501 /* SupportController.swift */; };
		CCC79F911F285242005F6501 /* SupportController.xib in Resources */ = {isa = PBXBuildFile; fileRef = CCC79F8F1F285242005F6501 /* SupportController.xib */; };
		CCC79F931F28535C005F6501 /* help.png in Resources */ = {isa = PBXBuildFile; fileRef = CCC79F921F28535C005F6501 /* help.png */; };
		CCC79F971F285554005F6501 /* click.png in Resources */ = {isa = PBXBuildFile; fileRef = CCC79F961F285554005F6501 /* click.png */; };
		CCC79F9B1F285687005F6501 /* Hero.otf in Resources */ = {isa = PBXBuildFile; fileRef = CCC79F9A1F285687005F6501 /* Hero.otf */; };
/* End PBXBuildFile section */

/* Begin PBXFileReference section */
		113B1B2204A1F346C4DEA55D /* Pods_HiSDK.framework */ = {isa = PBXFileReference; explicitFileType = wrapper.framework; includeInIndex = 0; path = Pods_HiSDK.framework; sourceTree = BUILT_PRODUCTS_DIR; };
		49B5DF2C9F108E66D54F26C7 /* Pods-HiSDK.release.xcconfig */ = {isa = PBXFileReference; includeInIndex = 1; lastKnownFileType = text.xcconfig; name = "Pods-HiSDK.release.xcconfig"; path = "Pods/Target Support Files/Pods-HiSDK/Pods-HiSDK.release.xcconfig"; sourceTree = "<group>"; };
		6AF063E37D3126BC1F8FF5ED /* Pods-HiSDK.debug.xcconfig */ = {isa = PBXFileReference; includeInIndex = 1; lastKnownFileType = text.xcconfig; name = "Pods-HiSDK.debug.xcconfig"; path = "Pods/Target Support Files/Pods-HiSDK/Pods-HiSDK.debug.xcconfig"; sourceTree = "<group>"; };
		6E4C535D1F28DF84005D8FE5 /* refund.png */ = {isa = PBXFileReference; lastKnownFileType = image.png; path = refund.png; sourceTree = "<group>"; };
		6E4C53611F28E09F005D8FE5 /* no_ads.png */ = {isa = PBXFileReference; lastKnownFileType = image.png; path = no_ads.png; sourceTree = "<group>"; };
		CC00A5901F286EDF00C66937 /* Constants.swift */ = {isa = PBXFileReference; fileEncoding = 4; lastKnownFileType = sourcecode.swift; path = Constants.swift; sourceTree = "<group>"; };
		CC00A5921F2870E100C66937 /* GoogleService-Info.plist */ = {isa = PBXFileReference; fileEncoding = 4; lastKnownFileType = text.plist.xml; path = "GoogleService-Info.plist"; sourceTree = "<group>"; };
		CC00A5941F2871C200C66937 /* iAd.framework */ = {isa = PBXFileReference; lastKnownFileType = wrapper.framework; name = iAd.framework; path = System/Library/Frameworks/iAd.framework; sourceTree = SDKROOT; };
		CC21D3BA1F289B0B0029592F /* IAPHelper.h */ = {isa = PBXFileReference; fileEncoding = 4; lastKnownFileType = sourcecode.c.h; path = IAPHelper.h; sourceTree = "<group>"; };
		CC21D3BB1F289B0B0029592F /* IAPHelper.m */ = {isa = PBXFileReference; fileEncoding = 4; lastKnownFileType = sourcecode.c.objc; path = IAPHelper.m; sourceTree = "<group>"; };
		CC21D3BC1F289B0B0029592F /* IAPShare.h */ = {isa = PBXFileReference; fileEncoding = 4; lastKnownFileType = sourcecode.c.h; path = IAPShare.h; sourceTree = "<group>"; };
		CC21D3BD1F289B0B0029592F /* IAPShare.m */ = {isa = PBXFileReference; fileEncoding = 4; lastKnownFileType = sourcecode.c.objc; path = IAPShare.m; sourceTree = "<group>"; };
		CC21D3BE1F289B0B0029592F /* NSString+Base64.h */ = {isa = PBXFileReference; fileEncoding = 4; lastKnownFileType = sourcecode.c.h; path = "NSString+Base64.h"; sourceTree = "<group>"; };
		CC21D3BF1F289B0B0029592F /* NSString+Base64.m */ = {isa = PBXFileReference; fileEncoding = 4; lastKnownFileType = sourcecode.c.objc; path = "NSString+Base64.m"; sourceTree = "<group>"; };
		CC21D3C01F289B0B0029592F /* SFHFKeychainUtils.h */ = {isa = PBXFileReference; fileEncoding = 4; lastKnownFileType = sourcecode.c.h; path = SFHFKeychainUtils.h; sourceTree = "<group>"; };
		CC21D3C11F289B0B0029592F /* SFHFKeychainUtils.m */ = {isa = PBXFileReference; fileEncoding = 4; lastKnownFileType = sourcecode.c.objc; path = SFHFKeychainUtils.m; sourceTree = "<group>"; };
		CC21D3C91F289B900029592F /* HiSDK-Bridging-Header.h */ = {isa = PBXFileReference; fileEncoding = 4; lastKnownFileType = sourcecode.c.h; path = "HiSDK-Bridging-Header.h"; sourceTree = "<group>"; };
		CC21D3CA1F289E910029592F /* StoreKit.framework */ = {isa = PBXFileReference; lastKnownFileType = wrapper.framework; name = StoreKit.framework; path = System/Library/Frameworks/StoreKit.framework; sourceTree = SDKROOT; };
		CC83C0341F2994AC0046B14A /* ad.png */ = {isa = PBXFileReference; lastKnownFileType = image.png; path = ad.png; sourceTree = "<group>"; };
		CC83C0361F2996760046B14A /* play_button1.png */ = {isa = PBXFileReference; lastKnownFileType = image.png; path = play_button1.png; sourceTree = "<group>"; };
		CCC79F791F285220005F6501 /* HiSDK.app */ = {isa = PBXFileReference; explicitFileType = wrapper.application; includeInIndex = 0; path = HiSDK.app; sourceTree = BUILT_PRODUCTS_DIR; };
		CCC79F7C1F285220005F6501 /* AppDelegate.swift */ = {isa = PBXFileReference; lastKnownFileType = sourcecode.swift; path = AppDelegate.swift; sourceTree = "<group>"; };
		CCC79F7E1F285220005F6501 /* ViewController.swift */ = {isa = PBXFileReference; lastKnownFileType = sourcecode.swift; path = ViewController.swift; sourceTree = "<group>"; };
		CCC79F811F285220005F6501 /* Base */ = {isa = PBXFileReference; lastKnownFileType = file.storyboard; name = Base; path = Base.lproj/Main.storyboard; sourceTree = "<group>"; };
		CCC79F831F285220005F6501 /* Assets.xcassets */ = {isa = PBXFileReference; lastKnownFileType = folder.assetcatalog; path = Assets.xcassets; sourceTree = "<group>"; };
		CCC79F861F285220005F6501 /* Base */ = {isa = PBXFileReference; lastKnownFileType = file.storyboard; name = Base; path = Base.lproj/LaunchScreen.storyboard; sourceTree = "<group>"; };
		CCC79F881F285220005F6501 /* Info.plist */ = {isa = PBXFileReference; lastKnownFileType = text.plist.xml; path = Info.plist; sourceTree = "<group>"; };
		CCC79F8E1F285242005F6501 /* SupportController.swift */ = {isa = PBXFileReference; fileEncoding = 4; lastKnownFileType = sourcecode.swift; path = SupportController.swift; sourceTree = "<group>"; };
		CCC79F8F1F285242005F6501 /* SupportController.xib */ = {isa = PBXFileReference; fileEncoding = 4; lastKnownFileType = file.xib; path = SupportController.xib; sourceTree = "<group>"; };
		CCC79F921F28535C005F6501 /* help.png */ = {isa = PBXFileReference; lastKnownFileType = image.png; path = help.png; sourceTree = "<group>"; };
		CCC79F961F285554005F6501 /* click.png */ = {isa = PBXFileReference; lastKnownFileType = image.png; path = click.png; sourceTree = "<group>"; };
		CCC79F9A1F285687005F6501 /* Hero.otf */ = {isa = PBXFileReference; lastKnownFileType = file; path = Hero.otf; sourceTree = "<group>"; };
/* End PBXFileReference section */

/* Begin PBXFrameworksBuildPhase section */
		CCC79F761F285220005F6501 /* Frameworks */ = {
			isa = PBXFrameworksBuildPhase;
			buildActionMask = 2147483647;
			files = (
				CC21D3CB1F289E910029592F /* StoreKit.framework in Frameworks */,
				CC00A5951F2871C200C66937 /* iAd.framework in Frameworks */,
				B2CA9FE2C2D5334180E1EF0C /* Pods_HiSDK.framework in Frameworks */,
			);
			runOnlyForDeploymentPostprocessing = 0;
		};
/* End PBXFrameworksBuildPhase section */

/* Begin PBXGroup section */
		80906C58B41F26E200B157D2 /* Frameworks */ = {
			isa = PBXGroup;
			children = (
				CC21D3CA1F289E910029592F /* StoreKit.framework */,
				CC00A5941F2871C200C66937 /* iAd.framework */,
				113B1B2204A1F346C4DEA55D /* Pods_HiSDK.framework */,
			);
			name = Frameworks;
			sourceTree = "<group>";
		};
		BDC4CC7A1D8ED2B32CEFA4F7 /* Pods */ = {
			isa = PBXGroup;
			children = (
				6AF063E37D3126BC1F8FF5ED /* Pods-HiSDK.debug.xcconfig */,
				49B5DF2C9F108E66D54F26C7 /* Pods-HiSDK.release.xcconfig */,
			);
			name = Pods;
			sourceTree = "<group>";
		};
		CC00A58E1F286D3B00C66937 /* SDK */ = {
			isa = PBXGroup;
			children = (
				CC21D3B61F289AF70029592F /* libs */,
				CC00A58F1F286D4B00C66937 /* resource */,
				CCC79F8E1F285242005F6501 /* SupportController.swift */,
				CCC79F8F1F285242005F6501 /* SupportController.xib */,
			);
			name = SDK;
			sourceTree = "<group>";
		};
		CC00A58F1F286D4B00C66937 /* resource */ = {
			isa = PBXGroup;
			children = (
				CC83C0341F2994AC0046B14A /* ad.png */,
				CC00A5921F2870E100C66937 /* GoogleService-Info.plist */,
				CCC79F921F28535C005F6501 /* help.png */,
				CCC79F9A1F285687005F6501 /* Hero.otf */,
				CC83C0361F2996760046B14A /* play_button1.png */,
			);
			name = resource;
			sourceTree = "<group>";
		};
		CC21D3B61F289AF70029592F /* libs */ = {
			isa = PBXGroup;
			children = (
				CC21D3B91F289B0B0029592F /* IAPHelper */,
			);
			name = libs;
			sourceTree = "<group>";
		};
		CC21D3B91F289B0B0029592F /* IAPHelper */ = {
			isa = PBXGroup;
			children = (
				6E4C53611F28E09F005D8FE5 /* no_ads.png */,
				6E4C535D1F28DF84005D8FE5 /* refund.png */,
				CC21D3BA1F289B0B0029592F /* IAPHelper.h */,
				CC21D3BB1F289B0B0029592F /* IAPHelper.m */,
				CC21D3BC1F289B0B0029592F /* IAPShare.h */,
				CC21D3BD1F289B0B0029592F /* IAPShare.m */,
				CC21D3BE1F289B0B0029592F /* NSString+Base64.h */,
				CC21D3BF1F289B0B0029592F /* NSString+Base64.m */,
				CC21D3C01F289B0B0029592F /* SFHFKeychainUtils.h */,
				CC21D3C11F289B0B0029592F /* SFHFKeychainUtils.m */,
			);
			path = IAPHelper;
			sourceTree = "<group>";
		};
		CCC79F701F28521F005F6501 = {
			isa = PBXGroup;
			children = (
				CC21D3C91F289B900029592F /* HiSDK-Bridging-Header.h */,
				CCC79F7B1F285220005F6501 /* HiSDK */,
				CCC79F7A1F285220005F6501 /* Products */,
				BDC4CC7A1D8ED2B32CEFA4F7 /* Pods */,
				80906C58B41F26E200B157D2 /* Frameworks */,
			);
			sourceTree = "<group>";
		};
		CCC79F7A1F285220005F6501 /* Products */ = {
			isa = PBXGroup;
			children = (
				CCC79F791F285220005F6501 /* HiSDK.app */,
			);
			name = Products;
			sourceTree = "<group>";
		};
		CCC79F7B1F285220005F6501 /* HiSDK */ = {
			isa = PBXGroup;
			children = (
				CCC79F7C1F285220005F6501 /* AppDelegate.swift */,
				CCC79F7E1F285220005F6501 /* ViewController.swift */,
				CC00A5901F286EDF00C66937 /* Constants.swift */,
				CC00A58E1F286D3B00C66937 /* SDK */,
				CCC79F801F285220005F6501 /* Main.storyboard */,
				CCC79F831F285220005F6501 /* Assets.xcassets */,
				CCC79F961F285554005F6501 /* click.png */,
				CCC79F851F285220005F6501 /* LaunchScreen.storyboard */,
				CCC79F881F285220005F6501 /* Info.plist */,
			);
			path = HiSDK;
			sourceTree = "<group>";
		};
/* End PBXGroup section */

/* Begin PBXNativeTarget section */
		CCC79F781F285220005F6501 /* HiSDK */ = {
			isa = PBXNativeTarget;
			buildConfigurationList = CCC79F8B1F285220005F6501 /* Build configuration list for PBXNativeTarget "HiSDK" */;
			buildPhases = (
				E2B1388FA50B478F6EF3146D /* [CP] Check Pods Manifest.lock */,
				CCC79F751F285220005F6501 /* Sources */,
				CCC79F761F285220005F6501 /* Frameworks */,
				CCC79F771F285220005F6501 /* Resources */,
				527F16C7A52F88AA36E2252E /* [CP] Embed Pods Frameworks */,
				A687666E44FFD0792FDB2321 /* [CP] Copy Pods Resources */,
			);
			buildRules = (
			);
			dependencies = (
			);
			name = HiSDK;
			productName = HiSDK;
			productReference = CCC79F791F285220005F6501 /* HiSDK.app */;
			productType = "com.apple.product-type.application";
		};
/* End PBXNativeTarget section */

/* Begin PBXProject section */
		CCC79F711F28521F005F6501 /* Project object */ = {
			isa = PBXProject;
			attributes = {
				LastSwiftUpdateCheck = 0830;
				LastUpgradeCheck = 0830;
				ORGANIZATIONNAME = TuanAnh;
				TargetAttributes = {
					CCC79F781F285220005F6501 = {
						CreatedOnToolsVersion = 8.3.3;
						DevelopmentTeam = XY29E79Z8X;
						ProvisioningStyle = Automatic;
					};
				};
			};
			buildConfigurationList = CCC79F741F28521F005F6501 /* Build configuration list for PBXProject "HiSDK" */;
			compatibilityVersion = "Xcode 3.2";
			developmentRegion = English;
			hasScannedForEncodings = 0;
			knownRegions = (
				en,
				Base,
			);
			mainGroup = CCC79F701F28521F005F6501;
			productRefGroup = CCC79F7A1F285220005F6501 /* Products */;
			projectDirPath = "";
			projectRoot = "";
			targets = (
				CCC79F781F285220005F6501 /* HiSDK */,
			);
		};
/* End PBXProject section */

/* Begin PBXResourcesBuildPhase section */
		CCC79F771F285220005F6501 /* Resources */ = {
			isa = PBXResourcesBuildPhase;
			buildActionMask = 2147483647;
			files = (
				CCC79F871F285220005F6501 /* LaunchScreen.storyboard in Resources */,
				CCC79F931F28535C005F6501 /* help.png in Resources */,
				CCC79F9B1F285687005F6501 /* Hero.otf in Resources */,
				CCC79F841F285220005F6501 /* Assets.xcassets in Resources */,
				CCC79F971F285554005F6501 /* click.png in Resources */,
				CC00A5931F2870E100C66937 /* GoogleService-Info.plist in Resources */,
				CCC79F821F285220005F6501 /* Main.storyboard in Resources */,
				6E4C53621F28E09F005D8FE5 /* no_ads.png in Resources */,
				6E4C535E1F28DF84005D8FE5 /* refund.png in Resources */,
				CC83C0371F2996760046B14A /* play_button1.png in Resources */,
				CC83C0351F2994AC0046B14A /* ad.png in Resources */,
				CCC79F911F285242005F6501 /* SupportController.xib in Resources */,
			);
			runOnlyForDeploymentPostprocessing = 0;
		};
/* End PBXResourcesBuildPhase section */

/* Begin PBXShellScriptBuildPhase section */
		527F16C7A52F88AA36E2252E /* [CP] Embed Pods Frameworks */ = {
			isa = PBXShellScriptBuildPhase;
			buildActionMask = 2147483647;
			files = (
			);
			inputPaths = (
			);
			name = "[CP] Embed Pods Frameworks";
			outputPaths = (
			);
			runOnlyForDeploymentPostprocessing = 0;
			shellPath = /bin/sh;
			shellScript = "\"${SRCROOT}/Pods/Target Support Files/Pods-HiSDK/Pods-HiSDK-frameworks.sh\"\n";
			showEnvVarsInLog = 0;
		};
		A687666E44FFD0792FDB2321 /* [CP] Copy Pods Resources */ = {
			isa = PBXShellScriptBuildPhase;
			buildActionMask = 2147483647;
			files = (
			);
			inputPaths = (
			);
			name = "[CP] Copy Pods Resources";
			outputPaths = (
			);
			runOnlyForDeploymentPostprocessing = 0;
			shellPath = /bin/sh;
			shellScript = "\"${SRCROOT}/Pods/Target Support Files/Pods-HiSDK/Pods-HiSDK-resources.sh\"\n";
			showEnvVarsInLog = 0;
		};
		E2B1388FA50B478F6EF3146D /* [CP] Check Pods Manifest.lock */ = {
			isa = PBXShellScriptBuildPhase;
			buildActionMask = 2147483647;
			files = (
			);
			inputPaths = (
			);
			name = "[CP] Check Pods Manifest.lock";
			outputPaths = (
			);
			runOnlyForDeploymentPostprocessing = 0;
			shellPath = /bin/sh;
			shellScript = "diff \"${PODS_PODFILE_DIR_PATH}/Podfile.lock\" \"${PODS_ROOT}/Manifest.lock\" > /dev/null\nif [ $? != 0 ] ; then\n    # print error to STDERR\n    echo \"error: The sandbox is not in sync with the Podfile.lock. Run 'pod install' or update your CocoaPods installation.\" >&2\n    exit 1\nfi\n";
			showEnvVarsInLog = 0;
		};
/* End PBXShellScriptBuildPhase section */

/* Begin PBXSourcesBuildPhase section */
		CCC79F751F285220005F6501 /* Sources */ = {
			isa = PBXSourcesBuildPhase;
			buildActionMask = 2147483647;
			files = (
				CCC79F7F1F285220005F6501 /* ViewController.swift in Sources */,
				CCC79F7D1F285220005F6501 /* AppDelegate.swift in Sources */,
				CC21D3C51F289B0B0029592F /* SFHFKeychainUtils.m in Sources */,
				CC21D3C31F289B0B0029592F /* IAPShare.m in Sources */,
				CCC79F901F285242005F6501 /* SupportController.swift in Sources */,
				CC21D3C21F289B0B0029592F /* IAPHelper.m in Sources */,
				CC00A5911F286EDF00C66937 /* Constants.swift in Sources */,
				CC21D3C41F289B0B0029592F /* NSString+Base64.m in Sources */,
			);
			runOnlyForDeploymentPostprocessing = 0;
		};
/* End PBXSourcesBuildPhase section */

/* Begin PBXVariantGroup section */
		CCC79F801F285220005F6501 /* Main.storyboard */ = {
			isa = PBXVariantGroup;
			children = (
				CCC79F811F285220005F6501 /* Base */,
			);
			name = Main.storyboard;
			sourceTree = "<group>";
		};
		CCC79F851F285220005F6501 /* LaunchScreen.storyboard */ = {
			isa = PBXVariantGroup;
			children = (
				CCC79F861F285220005F6501 /* Base */,
			);
			name = LaunchScreen.storyboard;
			sourceTree = "<group>";
		};
/* End PBXVariantGroup section */

/* Begin XCBuildConfiguration section */
		CCC79F891F285220005F6501 /* Debug */ = {
			isa = XCBuildConfiguration;
			buildSettings = {
				ALWAYS_SEARCH_USER_PATHS = NO;
				CLANG_ANALYZER_NONNULL = YES;
				CLANG_ANALYZER_NUMBER_OBJECT_CONVERSION = YES_AGGRESSIVE;
				CLANG_CXX_LANGUAGE_STANDARD = "gnu++0x";
				CLANG_CXX_LIBRARY = "libc++";
				CLANG_ENABLE_MODULES = YES;
				CLANG_ENABLE_OBJC_ARC = YES;
				CLANG_WARN_BOOL_CONVERSION = YES;
				CLANG_WARN_CONSTANT_CONVERSION = YES;
				CLANG_WARN_DIRECT_OBJC_ISA_USAGE = YES_ERROR;
				CLANG_WARN_DOCUMENTATION_COMMENTS = YES;
				CLANG_WARN_EMPTY_BODY = YES;
				CLANG_WARN_ENUM_CONVERSION = YES;
				CLANG_WARN_INFINITE_RECURSION = YES;
				CLANG_WARN_INT_CONVERSION = YES;
				CLANG_WARN_OBJC_ROOT_CLASS = YES_ERROR;
				CLANG_WARN_SUSPICIOUS_MOVE = YES;
				CLANG_WARN_UNREACHABLE_CODE = YES;
				CLANG_WARN__DUPLICATE_METHOD_MATCH = YES;
				"CODE_SIGN_IDENTITY[sdk=iphoneos*]" = "iPhone Developer";
				COPY_PHASE_STRIP = NO;
				DEBUG_INFORMATION_FORMAT = dwarf;
				ENABLE_STRICT_OBJC_MSGSEND = YES;
				ENABLE_TESTABILITY = YES;
				GCC_C_LANGUAGE_STANDARD = gnu99;
				GCC_DYNAMIC_NO_PIC = NO;
				GCC_NO_COMMON_BLOCKS = YES;
				GCC_OPTIMIZATION_LEVEL = 0;
				GCC_PREPROCESSOR_DEFINITIONS = (
					"DEBUG=1",
					"$(inherited)",
				);
				GCC_WARN_64_TO_32_BIT_CONVERSION = YES;
				GCC_WARN_ABOUT_RETURN_TYPE = YES_ERROR;
				GCC_WARN_UNDECLARED_SELECTOR = YES;
				GCC_WARN_UNINITIALIZED_AUTOS = YES_AGGRESSIVE;
				GCC_WARN_UNUSED_FUNCTION = YES;
				GCC_WARN_UNUSED_VARIABLE = YES;
				IPHONEOS_DEPLOYMENT_TARGET = 10.3;
				MTL_ENABLE_DEBUG_INFO = YES;
				ONLY_ACTIVE_ARCH = YES;
				SDKROOT = iphoneos;
				SWIFT_ACTIVE_COMPILATION_CONDITIONS = DEBUG;
				SWIFT_OPTIMIZATION_LEVEL = "-Onone";
				TARGETED_DEVICE_FAMILY = "1,2";
			};
			name = Debug;
		};
		CCC79F8A1F285220005F6501 /* Release */ = {
			isa = XCBuildConfiguration;
			buildSettings = {
				ALWAYS_SEARCH_USER_PATHS = NO;
				CLANG_ANALYZER_NONNULL = YES;
				CLANG_ANALYZER_NUMBER_OBJECT_CONVERSION = YES_AGGRESSIVE;
				CLANG_CXX_LANGUAGE_STANDARD = "gnu++0x";
				CLANG_CXX_LIBRARY = "libc++";
				CLANG_ENABLE_MODULES = YES;
				CLANG_ENABLE_OBJC_ARC = YES;
				CLANG_WARN_BOOL_CONVERSION = YES;
				CLANG_WARN_CONSTANT_CONVERSION = YES;
				CLANG_WARN_DIRECT_OBJC_ISA_USAGE = YES_ERROR;
				CLANG_WARN_DOCUMENTATION_COMMENTS = YES;
				CLANG_WARN_EMPTY_BODY = YES;
				CLANG_WARN_ENUM_CONVERSION = YES;
				CLANG_WARN_INFINITE_RECURSION = YES;
				CLANG_WARN_INT_CONVERSION = YES;
				CLANG_WARN_OBJC_ROOT_CLASS = YES_ERROR;
				CLANG_WARN_SUSPICIOUS_MOVE = YES;
				CLANG_WARN_UNREACHABLE_CODE = YES;
				CLANG_WARN__DUPLICATE_METHOD_MATCH = YES;
				"CODE_SIGN_IDENTITY[sdk=iphoneos*]" = "iPhone Developer";
				COPY_PHASE_STRIP = NO;
				DEBUG_INFORMATION_FORMAT = "dwarf-with-dsym";
				ENABLE_NS_ASSERTIONS = NO;
				ENABLE_STRICT_OBJC_MSGSEND = YES;
				GCC_C_LANGUAGE_STANDARD = gnu99;
				GCC_NO_COMMON_BLOCKS = YES;
				GCC_WARN_64_TO_32_BIT_CONVERSION = YES;
				GCC_WARN_ABOUT_RETURN_TYPE = YES_ERROR;
				GCC_WARN_UNDECLARED_SELECTOR = YES;
				GCC_WARN_UNINITIALIZED_AUTOS = YES_AGGRESSIVE;
				GCC_WARN_UNUSED_FUNCTION = YES;
				GCC_WARN_UNUSED_VARIABLE = YES;
				IPHONEOS_DEPLOYMENT_TARGET = 10.3;
				MTL_ENABLE_DEBUG_INFO = NO;
				SDKROOT = iphoneos;
				SWIFT_OPTIMIZATION_LEVEL = "-Owholemodule";
				TARGETED_DEVICE_FAMILY = "1,2";
				VALIDATE_PRODUCT = YES;
			};
			name = Release;
		};
		CCC79F8C1F285220005F6501 /* Debug */ = {
			isa = XCBuildConfiguration;
			baseConfigurationReference = 6AF063E37D3126BC1F8FF5ED /* Pods-HiSDK.debug.xcconfig */;
			buildSettings = {
				ASSETCATALOG_COMPILER_APPICON_NAME = AppIcon;
				ASSETCATALOG_COMPILER_LAUNCHIMAGE_NAME = LaunchImage;
				"CODE_SIGN_IDENTITY[sdk=iphoneos*]" = "iPhone Developer";
				CODE_SIGN_STYLE = Automatic;
				DEVELOPMENT_TEAM = XY29E79Z8X;
				INFOPLIST_FILE = HiSDK/Info.plist;
				IPHONEOS_DEPLOYMENT_TARGET = 9.0;
				LD_RUNPATH_SEARCH_PATHS = "$(inherited) @executable_path/Frameworks";
				PRODUCT_BUNDLE_IDENTIFIER = vn.higamestudio.oceanar;
				PRODUCT_NAME = "$(TARGET_NAME)";
				PROVISIONING_PROFILE_SPECIFIER = "";
				SWIFT_OBJC_BRIDGING_HEADER = "HiSDK-Bridging-Header.h";
				SWIFT_VERSION = 3.0;
				TARGETED_DEVICE_FAMILY = "1,2";
			};
			name = Debug;
		};
		CCC79F8D1F285220005F6501 /* Release */ = {
			isa = XCBuildConfiguration;
			baseConfigurationReference = 49B5DF2C9F108E66D54F26C7 /* Pods-HiSDK.release.xcconfig */;
			buildSettings = {
				ASSETCATALOG_COMPILER_APPICON_NAME = AppIcon;
				ASSETCATALOG_COMPILER_LAUNCHIMAGE_NAME = LaunchImage;
				"CODE_SIGN_IDENTITY[sdk=iphoneos*]" = "iPhone Developer";
				CODE_SIGN_STYLE = Automatic;
				DEVELOPMENT_TEAM = XY29E79Z8X;
				INFOPLIST_FILE = HiSDK/Info.plist;
				IPHONEOS_DEPLOYMENT_TARGET = 9.0;
				LD_RUNPATH_SEARCH_PATHS = "$(inherited) @executable_path/Frameworks";
				PRODUCT_BUNDLE_IDENTIFIER = vn.higamestudio.oceanar;
				PRODUCT_NAME = "$(TARGET_NAME)";
				PROVISIONING_PROFILE_SPECIFIER = "";
				SWIFT_OBJC_BRIDGING_HEADER = "HiSDK-Bridging-Header.h";
				SWIFT_VERSION = 3.0;
				TARGETED_DEVICE_FAMILY = "1,2";
			};
			name = Release;
		};
/* End XCBuildConfiguration section */

/* Begin XCConfigurationList section */
		CCC79F741F28521F005F6501 /* Build configuration list for PBXProject "HiSDK" */ = {
			isa = XCConfigurationList;
			buildConfigurations = (
				CCC79F891F285220005F6501 /* Debug */,
				CCC79F8A1F285220005F6501 /* Release */,
			);
			defaultConfigurationIsVisible = 0;
			defaultConfigurationName = Release;
		};
		CCC79F8B1F285220005F6501 /* Build configuration list for PBXNativeTarget "HiSDK" */ = {
			isa = XCConfigurationList;
			buildConfigurations = (
				CCC79F8C1F285220005F6501 /* Debug */,
				CCC79F8D1F285220005F6501 /* Release */,
			);
			defaultConfigurationIsVisible = 0;
			defaultConfigurationName = Release;
		};
/* End XCConfigurationList section */
	};
	rootObject = CCC79F711F28521F005F6501 /* Project object */;
}
